
Microsoft Visual Studio Solution File, Format Version 12.00
# Visual Studio Version 17
VisualStudioVersion = 17.10.35013.160
MinimumVisualStudioVersion = 10.0.40219.1
Project("{FAE04EC0-301F-11D3-BF4B-00C04F79EFBC}") = "order-itens-project", "order-itens-project\order-itens-project.csproj", "{8DDF7389-A5DF-4A5E-AF8D-D63DDD045893}"
EndProject
Global
	GlobalSection(SolutionConfigurationPlatforms) = preSolution
		Debug|Any CPU = Debug|Any CPU
		Release|Any CPU = Release|Any CPU
	EndGlobalSection
	GlobalSection(ProjectConfigurationPlatforms) = postSolution
		{8DDF7389-A5DF-4A5E-AF8D-D63DDD045893}.Debug|Any CPU.ActiveCfg = Debug|Any CPU
		{8DDF7389-A5DF-4A5E-AF8D-D63DDD045893}.Debug|Any CPU.Build.0 = Debug|Any CPU
		{8DDF7389-A5DF-4A5E-AF8D-D63DDD045893}.Release|Any CPU.ActiveCfg = Release|Any CPU
		{8DDF7389-A5DF-4A5E-AF8D-D63DDD045893}.Release|Any CPU.Build.0 = Release|Any CPU
	EndGlobalSection
	GlobalSection(SolutionProperties) = preSolution
		HideSolutionNode = FALSE
	EndGlobalSection
	GlobalSection(ExtensibilityGlobals) = postSolution
		SolutionGuid = {3B8E6386-9201-49E9-9862-046C6CE34813}
	EndGlobalSection
EndGlobal
